// !$*UTF8*$!
{
	archiveVersion = 1;
	classes = {
	};
	objectVersion = 56;
	objects = {

/* Begin PBXBuildFile section */
		ABE488A2290707FD0065BCCA /* AppDelegate.swift in Sources */ = {isa = PBXBuildFile; fileRef = ABE488A1290707FD0065BCCA /* AppDelegate.swift */; };
		ABE488A4290707FD0065BCCA /* SceneDelegate.swift in Sources */ = {isa = PBXBuildFile; fileRef = ABE488A3290707FD0065BCCA /* SceneDelegate.swift */; };
		ABE488A6290707FD0065BCCA /* ViewController.swift in Sources */ = {isa = PBXBuildFile; fileRef = ABE488A5290707FD0065BCCA /* ViewController.swift */; };
		ABE488A9290707FD0065BCCA /* Main.storyboard in Resources */ = {isa = PBXBuildFile; fileRef = ABE488A7290707FD0065BCCA /* Main.storyboard */; };
		ABE488AC290707FD0065BCCA /* BazaarWay.xcdatamodeld in Sources */ = {isa = PBXBuildFile; fileRef = ABE488AA290707FD0065BCCA /* BazaarWay.xcdatamodeld */; };
		ABE488AE290707FF0065BCCA /* Assets.xcassets in Resources */ = {isa = PBXBuildFile; fileRef = ABE488AD290707FF0065BCCA /* Assets.xcassets */; };
		ABE488B1290707FF0065BCCA /* LaunchScreen.storyboard in Resources */ = {isa = PBXBuildFile; fileRef = ABE488AF290707FF0065BCCA /* LaunchScreen.storyboard */; };
/* End PBXBuildFile section */

/* Begin PBXFileReference section */
		ABE4889E290707FD0065BCCA /* BazaarWay.app */ = {isa = PBXFileReference; explicitFileType = wrapper.application; includeInIndex = 0; path = BazaarWay.app; sourceTree = BUILT_PRODUCTS_DIR; };
		ABE488A1290707FD0065BCCA /* AppDelegate.swift */ = {isa = PBXFileReference; lastKnownFileType = sourcecode.swift; path = AppDelegate.swift; sourceTree = "<group>"; };
		ABE488A3290707FD0065BCCA /* SceneDelegate.swift */ = {isa = PBXFileReference; lastKnownFileType = sourcecode.swift; path = SceneDelegate.swift; sourceTree = "<group>"; };
		ABE488A5290707FD0065BCCA /* ViewController.swift */ = {isa = PBXFileReference; lastKnownFileType = sourcecode.swift; path = ViewController.swift; sourceTree = "<group>"; };
		ABE488A8290707FD0065BCCA /* Base */ = {isa = PBXFileReference; lastKnownFileType = file.storyboard; name = Base; path = Base.lproj/Main.storyboard; sourceTree = "<group>"; };
		ABE488AB290707FD0065BCCA /* BazaarWay.xcdatamodel */ = {isa = PBXFileReference; lastKnownFileType = wrapper.xcdatamodel; path = BazaarWay.xcdatamodel; sourceTree = "<group>"; };
		ABE488AD290707FF0065BCCA /* Assets.xcassets */ = {isa = PBXFileReference; lastKnownFileType = folder.assetcatalog; path = Assets.xcassets; sourceTree = "<group>"; };
		ABE488B0290707FF0065BCCA /* Base */ = {isa = PBXFileReference; lastKnownFileType = file.storyboard; name = Base; path = Base.lproj/LaunchScreen.storyboard; sourceTree = "<group>"; };
		ABE488B2290707FF0065BCCA /* Info.plist */ = {isa = PBXFileReference; lastKnownFileType = text.plist.xml; path = Info.plist; sourceTree = "<group>"; };
/* End PBXFileReference section */

/* Begin PBXFrameworksBuildPhase section */
		ABE4889B290707FD0065BCCA /* Frameworks */ = {
			isa = PBXFrameworksBuildPhase;
			buildActionMask = 2147483647;
			files = (
			);
			runOnlyForDeploymentPostprocessing = 0;
		};
/* End PBXFrameworksBuildPhase section */

/* Begin PBXGroup section */
		ABE48895290707FD0065BCCA = {
			isa = PBXGroup;
			children = (
				ABE488A0290707FD0065BCCA /* BazaarWay */,
				ABE4889F290707FD0065BCCA /* Products */,
			);
			sourceTree = "<group>";
		};
		ABE4889F290707FD0065BCCA /* Products */ = {
			isa = PBXGroup;
			children = (
				ABE4889E290707FD0065BCCA /* BazaarWay.app */,
			);
			name = Products;
			sourceTree = "<group>";
		};
		ABE488A0290707FD0065BCCA /* BazaarWay */ = {
			isa = PBXGroup;
			children = (
				ABE488B8290709230065BCCA /* App */,
				ABE488AA290707FD0065BCCA /* BazaarWay.xcdatamodeld */,
				ABE488BF29070A280065BCCA /* Screens */,
				ABE488A5290707FD0065BCCA /* ViewController.swift */,
				ABE488A7290707FD0065BCCA /* Main.storyboard */,
			);
			path = BazaarWay;
			sourceTree = "<group>";
		};
		ABE488B8290709230065BCCA /* App */ = {
			isa = PBXGroup;
			children = (
				ABE488B92907092C0065BCCA /* Plists */,
				ABE488BB290709380065BCCA /* Assets */,
				ABE488BC290709410065BCCA /* View */,
				ABE488BD2907094A0065BCCA /* Delegate */,
				ABE488BE290709500065BCCA /* Core */,
			);
			path = App;
			sourceTree = "<group>";
		};
		ABE488B92907092C0065BCCA /* Plists */ = {
			isa = PBXGroup;
			children = (
				ABE488B2290707FF0065BCCA /* Info.plist */,
			);
			path = Plists;
			sourceTree = "<group>";
		};
		ABE488BB290709380065BCCA /* Assets */ = {
			isa = PBXGroup;
			children = (
				ABE488AD290707FF0065BCCA /* Assets.xcassets */,
			);
			path = Assets;
			sourceTree = "<group>";
		};
		ABE488BC290709410065BCCA /* View */ = {
			isa = PBXGroup;
			children = (
				ABE488AF290707FF0065BCCA /* LaunchScreen.storyboard */,
			);
			path = View;
			sourceTree = "<group>";
		};
		ABE488BD2907094A0065BCCA /* Delegate */ = {
			isa = PBXGroup;
			children = (
				ABE488A1290707FD0065BCCA /* AppDelegate.swift */,
				ABE488A3290707FD0065BCCA /* SceneDelegate.swift */,
			);
			path = Delegate;
			sourceTree = "<group>";
		};
		ABE488BE290709500065BCCA /* Core */ = {
			isa = PBXGroup;
			children = (
			);
			path = Core;
			sourceTree = "<group>";
		};
		ABE488BF29070A280065BCCA /* Screens */ = {
			isa = PBXGroup;
			children = (
			);
			path = Screens;
			sourceTree = "<group>";
		};
/* End PBXGroup section */

/* Begin PBXNativeTarget section */
		ABE4889D290707FD0065BCCA /* BazaarWay */ = {
			isa = PBXNativeTarget;
			buildConfigurationList = ABE488B5290707FF0065BCCA /* Build configuration list for PBXNativeTarget "BazaarWay" */;
			buildPhases = (
				ABE4889A290707FD0065BCCA /* Sources */,
				ABE4889B290707FD0065BCCA /* Frameworks */,
				ABE4889C290707FD0065BCCA /* Resources */,
			);
			buildRules = (
			);
			dependencies = (
			);
			name = BazaarWay;
			productName = BazaarWay;
			productReference = ABE4889E290707FD0065BCCA /* BazaarWay.app */;
			productType = "com.apple.product-type.application";
		};
/* End PBXNativeTarget section */

/* Begin PBXProject section */
		ABE48896290707FD0065BCCA /* Project object */ = {
			isa = PBXProject;
			attributes = {
				BuildIndependentTargetsInParallel = 1;
				LastSwiftUpdateCheck = 1400;
				LastUpgradeCheck = 1400;
				TargetAttributes = {
					ABE4889D290707FD0065BCCA = {
						CreatedOnToolsVersion = 14.0.1;
					};
				};
			};
			buildConfigurationList = ABE48899290707FD0065BCCA /* Build configuration list for PBXProject "BazaarWay" */;
			compatibilityVersion = "Xcode 14.0";
			developmentRegion = en;
			hasScannedForEncodings = 0;
			knownRegions = (
				en,
				Base,
			);
			mainGroup = ABE48895290707FD0065BCCA;
			productRefGroup = ABE4889F290707FD0065BCCA /* Products */;
			projectDirPath = "";
			projectRoot = "";
			targets = (
				ABE4889D290707FD0065BCCA /* BazaarWay */,
			);
		};
/* End PBXProject section */

/* Begin PBXResourcesBuildPhase section */
		ABE4889C290707FD0065BCCA /* Resources */ = {
			isa = PBXResourcesBuildPhase;
			buildActionMask = 2147483647;
			files = (
				ABE488B1290707FF0065BCCA /* LaunchScreen.storyboard in Resources */,
				ABE488AE290707FF0065BCCA /* Assets.xcassets in Resources */,
				ABE488A9290707FD0065BCCA /* Main.storyboard in Resources */,
			);
			runOnlyForDeploymentPostprocessing = 0;
		};
/* End PBXResourcesBuildPhase section */

/* Begin PBXSourcesBuildPhase section */
		ABE4889A290707FD0065BCCA /* Sources */ = {
			isa = PBXSourcesBuildPhase;
			buildActionMask = 2147483647;
			files = (
				ABE488AC290707FD0065BCCA /* BazaarWay.xcdatamodeld in Sources */,
				ABE488A6290707FD0065BCCA /* ViewController.swift in Sources */,
				ABE488A2290707FD0065BCCA /* AppDelegate.swift in Sources */,
				ABE488A4290707FD0065BCCA /* SceneDelegate.swift in Sources */,
			);
			runOnlyForDeploymentPostprocessing = 0;
		};
/* End PBXSourcesBuildPhase section */

/* Begin PBXVariantGroup section */
		ABE488A7290707FD0065BCCA /* Main.storyboard */ = {
			isa = PBXVariantGroup;
			children = (
				ABE488A8290707FD0065BCCA /* Base */,
			);
			name = Main.storyboard;
			sourceTree = "<group>";
		};
		ABE488AF290707FF0065BCCA /* LaunchScreen.storyboard */ = {
			isa = PBXVariantGroup;
			children = (
				ABE488B0290707FF0065BCCA /* Base */,
			);
			name = LaunchScreen.storyboard;
			sourceTree = "<group>";
		};
/* End PBXVariantGroup section */

/* Begin XCBuildConfiguration section */
		ABE488B3290707FF0065BCCA /* Debug */ = {
			isa = XCBuildConfiguration;
			buildSettings = {
				ALWAYS_SEARCH_USER_PATHS = NO;
				CLANG_ANALYZER_NONNULL = YES;
				CLANG_ANALYZER_NUMBER_OBJECT_CONVERSION = YES_AGGRESSIVE;
				CLANG_CXX_LANGUAGE_STANDARD = "gnu++20";
				CLANG_ENABLE_MODULES = YES;
				CLANG_ENABLE_OBJC_ARC = YES;
				CLANG_ENABLE_OBJC_WEAK = YES;
				CLANG_WARN_BLOCK_CAPTURE_AUTORELEASING = YES;
				CLANG_WARN_BOOL_CONVERSION = YES;
				CLANG_WARN_COMMA = YES;
				CLANG_WARN_CONSTANT_CONVERSION = YES;
				CLANG_WARN_DEPRECATED_OBJC_IMPLEMENTATIONS = YES;
				CLANG_WARN_DIRECT_OBJC_ISA_USAGE = YES_ERROR;
				CLANG_WARN_DOCUMENTATION_COMMENTS = YES;
				CLANG_WARN_EMPTY_BODY = YES;
				CLANG_WARN_ENUM_CONVERSION = YES;
				CLANG_WARN_INFINITE_RECURSION = YES;
				CLANG_WARN_INT_CONVERSION = YES;
				CLANG_WARN_NON_LITERAL_NULL_CONVERSION = YES;
				CLANG_WARN_OBJC_IMPLICIT_RETAIN_SELF = YES;
				CLANG_WARN_OBJC_LITERAL_CONVERSION = YES;
				CLANG_WARN_OBJC_ROOT_CLASS = YES_ERROR;
				CLANG_WARN_QUOTED_INCLUDE_IN_FRAMEWORK_HEADER = YES;
				CLANG_WARN_RANGE_LOOP_ANALYSIS = YES;
				CLANG_WARN_STRICT_PROTOTYPES = YES;
				CLANG_WARN_SUSPICIOUS_MOVE = YES;
				CLANG_WARN_UNGUARDED_AVAILABILITY = YES_AGGRESSIVE;
				CLANG_WARN_UNREACHABLE_CODE = YES;
				CLANG_WARN__DUPLICATE_METHOD_MATCH = YES;
				COPY_PHASE_STRIP = NO;
				DEBUG_INFORMATION_FORMAT = dwarf;
				ENABLE_STRICT_OBJC_MSGSEND = YES;
				ENABLE_TESTABILITY = YES;
				GCC_C_LANGUAGE_STANDARD = gnu11;
				GCC_DYNAMIC_NO_PIC = NO;
				GCC_NO_COMMON_BLOCKS = YES;
				GCC_OPTIMIZATION_LEVEL = 0;
				GCC_PREPROCESSOR_DEFINITIONS = (
					"DEBUG=1",
					"$(inherited)",
				);
				GCC_WARN_64_TO_32_BIT_CONVERSION = YES;
				GCC_WARN_ABOUT_RETURN_TYPE = YES_ERROR;
				GCC_WARN_UNDECLARED_SELECTOR = YES;
				GCC_WARN_UNINITIALIZED_AUTOS = YES_AGGRESSIVE;
				GCC_WARN_UNUSED_FUNCTION = YES;
				GCC_WARN_UNUSED_VARIABLE = YES;
				IPHONEOS_DEPLOYMENT_TARGET = 16.0;
				MTL_ENABLE_DEBUG_INFO = INCLUDE_SOURCE;
				MTL_FAST_MATH = YES;
				ONLY_ACTIVE_ARCH = YES;
				SDKROOT = iphoneos;
				SWIFT_ACTIVE_COMPILATION_CONDITIONS = DEBUG;
				SWIFT_OPTIMIZATION_LEVEL = "-Onone";
			};
			name = Debug;
		};
		ABE488B4290707FF0065BCCA /* Release */ = {
			isa = XCBuildConfiguration;
			buildSettings = {
				ALWAYS_SEARCH_USER_PATHS = NO;
				CLANG_ANALYZER_NONNULL = YES;
				CLANG_ANALYZER_NUMBER_OBJECT_CONVERSION = YES_AGGRESSIVE;
				CLANG_CXX_LANGUAGE_STANDARD = "gnu++20";
				CLANG_ENABLE_MODULES = YES;
				CLANG_ENABLE_OBJC_ARC = YES;
				CLANG_ENABLE_OBJC_WEAK = YES;
				CLANG_WARN_BLOCK_CAPTURE_AUTORELEASING = YES;
				CLANG_WARN_BOOL_CONVERSION = YES;
				CLANG_WARN_COMMA = YES;
				CLANG_WARN_CONSTANT_CONVERSION = YES;
				CLANG_WARN_DEPRECATED_OBJC_IMPLEMENTATIONS = YES;
				CLANG_WARN_DIRECT_OBJC_ISA_USAGE = YES_ERROR;
				CLANG_WARN_DOCUMENTATION_COMMENTS = YES;
				CLANG_WARN_EMPTY_BODY = YES;
				CLANG_WARN_ENUM_CONVERSION = YES;
				CLANG_WARN_INFINITE_RECURSION = YES;
				CLANG_WARN_INT_CONVERSION = YES;
				CLANG_WARN_NON_LITERAL_NULL_CONVERSION = YES;
				CLANG_WARN_OBJC_IMPLICIT_RETAIN_SELF = YES;
				CLANG_WARN_OBJC_LITERAL_CONVERSION = YES;
				CLANG_WARN_OBJC_ROOT_CLASS = YES_ERROR;
				CLANG_WARN_QUOTED_INCLUDE_IN_FRAMEWORK_HEADER = YES;
				CLANG_WARN_RANGE_LOOP_ANALYSIS = YES;
				CLANG_WARN_STRICT_PROTOTYPES = YES;
				CLANG_WARN_SUSPICIOUS_MOVE = YES;
				CLANG_WARN_UNGUARDED_AVAILABILITY = YES_AGGRESSIVE;
				CLANG_WARN_UNREACHABLE_CODE = YES;
				CLANG_WARN__DUPLICATE_METHOD_MATCH = YES;
				COPY_PHASE_STRIP = NO;
				DEBUG_INFORMATION_FORMAT = "dwarf-with-dsym";
				ENABLE_NS_ASSERTIONS = NO;
				ENABLE_STRICT_OBJC_MSGSEND = YES;
				GCC_C_LANGUAGE_STANDARD = gnu11;
				GCC_NO_COMMON_BLOCKS = YES;
				GCC_WARN_64_TO_32_BIT_CONVERSION = YES;
				GCC_WARN_ABOUT_RETURN_TYPE = YES_ERROR;
				GCC_WARN_UNDECLARED_SELECTOR = YES;
				GCC_WARN_UNINITIALIZED_AUTOS = YES_AGGRESSIVE;
				GCC_WARN_UNUSED_FUNCTION = YES;
				GCC_WARN_UNUSED_VARIABLE = YES;
				IPHONEOS_DEPLOYMENT_TARGET = 16.0;
				MTL_ENABLE_DEBUG_INFO = NO;
				MTL_FAST_MATH = YES;
				SDKROOT = iphoneos;
				SWIFT_COMPILATION_MODE = wholemodule;
				SWIFT_OPTIMIZATION_LEVEL = "-O";
				VALIDATE_PRODUCT = YES;
			};
			name = Release;
		};
		ABE488B6290707FF0065BCCA /* Debug */ = {
			isa = XCBuildConfiguration;
			buildSettings = {
				ASSETCATALOG_COMPILER_APPICON_NAME = AppIcon;
				ASSETCATALOG_COMPILER_GLOBAL_ACCENT_COLOR_NAME = AccentColor;
				CODE_SIGN_STYLE = Automatic;
				CURRENT_PROJECT_VERSION = 1;
				DEVELOPMENT_TEAM = 5DKBCS58WX;
				GENERATE_INFOPLIST_FILE = YES;
				INFOPLIST_FILE = BazaarWay/App/Plists/Info.plist;
				INFOPLIST_KEY_UIApplicationSupportsIndirectInputEvents = YES;
				INFOPLIST_KEY_UILaunchStoryboardName = LaunchScreen;
				INFOPLIST_KEY_UIMainStoryboardFile = Main;
				INFOPLIST_KEY_UISupportedInterfaceOrientations_iPad = "UIInterfaceOrientationPortrait UIInterfaceOrientationPortraitUpsideDown UIInterfaceOrientationLandscapeLeft UIInterfaceOrientationLandscapeRight";
				INFOPLIST_KEY_UISupportedInterfaceOrientations_iPhone = "UIInterfaceOrientationPortrait UIInterfaceOrientationLandscapeLeft UIInterfaceOrientationLandscapeRight";
				LD_RUNPATH_SEARCH_PATHS = (
					"$(inherited)",
					"@executable_path/Frameworks",
				);
				MARKETING_VERSION = 1.0;
				PRODUCT_BUNDLE_IDENTIFIER = com.asimcanyagiz.BazaarWay;
				PRODUCT_NAME = "$(TARGET_NAME)";
				SWIFT_EMIT_LOC_STRINGS = YES;
				SWIFT_VERSION = 5.0;
				TARGETED_DEVICE_FAMILY = "1,2";
			};
			name = Debug;
		};
		ABE488B7290707FF0065BCCA /* Release */ = {
			isa = XCBuildConfiguration;
			buildSettings = {
				ASSETCATALOG_COMPILER_APPICON_NAME = AppIcon;
				ASSETCATALOG_COMPILER_GLOBAL_ACCENT_COLOR_NAME = AccentColor;
				CODE_SIGN_STYLE = Automatic;
				CURRENT_PROJECT_VERSION = 1;
				DEVELOPMENT_TEAM = 5DKBCS58WX;
				GENERATE_INFOPLIST_FILE = YES;
				INFOPLIST_FILE = BazaarWay/App/Plists/Info.plist;
				INFOPLIST_KEY_UIApplicationSupportsIndirectInputEvents = YES;
				INFOPLIST_KEY_UILaunchStoryboardName = LaunchScreen;
				INFOPLIST_KEY_UIMainStoryboardFile = Main;
				INFOPLIST_KEY_UISupportedInterfaceOrientations_iPad = "UIInterfaceOrientationPortrait UIInterfaceOrientationPortraitUpsideDown UIInterfaceOrientationLandscapeLeft UIInterfaceOrientationLandscapeRight";
				INFOPLIST_KEY_UISupportedInterfaceOrientations_iPhone = "UIInterfaceOrientationPortrait UIInterfaceOrientationLandscapeLeft UIInterfaceOrientationLandscapeRight";
				LD_RUNPATH_SEARCH_PATHS = (
					"$(inherited)",
					"@executable_path/Frameworks",
				);
				MARKETING_VERSION = 1.0;
				PRODUCT_BUNDLE_IDENTIFIER = com.asimcanyagiz.BazaarWay;
				PRODUCT_NAME = "$(TARGET_NAME)";
				SWIFT_EMIT_LOC_STRINGS = YES;
				SWIFT_VERSION = 5.0;
				TARGETED_DEVICE_FAMILY = "1,2";
			};
			name = Release;
		};
/* End XCBuildConfiguration section */

/* Begin XCConfigurationList section */
		ABE48899290707FD0065BCCA /* Build configuration list for PBXProject "BazaarWay" */ = {
			isa = XCConfigurationList;
			buildConfigurations = (
				ABE488B3290707FF0065BCCA /* Debug */,
				ABE488B4290707FF0065BCCA /* Release */,
			);
			defaultConfigurationIsVisible = 0;
			defaultConfigurationName = Release;
		};
		ABE488B5290707FF0065BCCA /* Build configuration list for PBXNativeTarget "BazaarWay" */ = {
			isa = XCConfigurationList;
			buildConfigurations = (
				ABE488B6290707FF0065BCCA /* Debug */,
				ABE488B7290707FF0065BCCA /* Release */,
			);
			defaultConfigurationIsVisible = 0;
			defaultConfigurationName = Release;
		};
/* End XCConfigurationList section */

/* Begin XCVersionGroup section */
		ABE488AA290707FD0065BCCA /* BazaarWay.xcdatamodeld */ = {
			isa = XCVersionGroup;
			children = (
				ABE488AB290707FD0065BCCA /* BazaarWay.xcdatamodel */,
			);
			currentVersion = ABE488AB290707FD0065BCCA /* BazaarWay.xcdatamodel */;
			path = BazaarWay.xcdatamodeld;
			sourceTree = "<group>";
			versionGroupType = wrapper.xcdatamodel;
		};
/* End XCVersionGroup section */
	};
	rootObject = ABE48896290707FD0065BCCA /* Project object */;
}
