// !$*UTF8*$!
{
	archiveVersion = 1;
	classes = {
	};
	objectVersion = 56;
	objects = {

/* Begin PBXBuildFile section */
		AB118ED92909BD2A005DEA4E /* MainScreenViewController.swift in Sources */ = {isa = PBXBuildFile; fileRef = AB118ED72909BD2A005DEA4E /* MainScreenViewController.swift */; };
		AB118EDA2909BD2A005DEA4E /* MainScreenViewController.xib in Resources */ = {isa = PBXBuildFile; fileRef = AB118ED82909BD2A005DEA4E /* MainScreenViewController.xib */; };
		AB118EDC2909BDA2005DEA4E /* MainScreenViewModel.swift in Sources */ = {isa = PBXBuildFile; fileRef = AB118EDB2909BDA2005DEA4E /* MainScreenViewModel.swift */; };
		AB118EE5290B03DD005DEA4E /* ProfileScreenViewController.swift in Sources */ = {isa = PBXBuildFile; fileRef = AB118EE3290B03DD005DEA4E /* ProfileScreenViewController.swift */; };
		AB13046029070FA900A8BBA8 /* AuthViewController.xib in Resources */ = {isa = PBXBuildFile; fileRef = AB13045F29070FA900A8BBA8 /* AuthViewController.xib */; };
		AB130462290719C000A8BBA8 /* GoogleService-Info.plist in Resources */ = {isa = PBXBuildFile; fileRef = AB130461290719C000A8BBA8 /* GoogleService-Info.plist */; };
		AB13046529071AD600A8BBA8 /* FirebaseAuth in Frameworks */ = {isa = PBXBuildFile; productRef = AB13046429071AD600A8BBA8 /* FirebaseAuth */; };
		AB13046729071AD600A8BBA8 /* FirebaseFirestore in Frameworks */ = {isa = PBXBuildFile; productRef = AB13046629071AD600A8BBA8 /* FirebaseFirestore */; };
		AB13046A2907285C00A8BBA8 /* UserDefaultConstants.swift in Sources */ = {isa = PBXBuildFile; fileRef = AB1304692907285C00A8BBA8 /* UserDefaultConstants.swift */; };
		AB13046D2907289400A8BBA8 /* UserDefaultsAccesible.swift in Sources */ = {isa = PBXBuildFile; fileRef = AB13046C2907289400A8BBA8 /* UserDefaultsAccesible.swift */; };
		AB13046F29072B7E00A8BBA8 /* Encodable+Extensions.swift in Sources */ = {isa = PBXBuildFile; fileRef = AB13046E29072B7E00A8BBA8 /* Encodable+Extensions.swift */; };
		AB13047329098C7800A8BBA8 /* LaunchSplashViewController.swift in Sources */ = {isa = PBXBuildFile; fileRef = AB13047129098C7800A8BBA8 /* LaunchSplashViewController.swift */; };
		AB13047429098C7800A8BBA8 /* LaunchSplashViewController.xib in Resources */ = {isa = PBXBuildFile; fileRef = AB13047229098C7800A8BBA8 /* LaunchSplashViewController.xib */; };
		AB302619290B049F00279201 /* ProfileScreenViewController.xib in Resources */ = {isa = PBXBuildFile; fileRef = AB302618290B049F00279201 /* ProfileScreenViewController.xib */; };
		AB30261B290B051300279201 /* ProfileScreenViewModel.swift in Sources */ = {isa = PBXBuildFile; fileRef = AB30261A290B051300279201 /* ProfileScreenViewModel.swift */; };
		AB30261E290B0DBE00279201 /* AlertPresentable.swift in Sources */ = {isa = PBXBuildFile; fileRef = AB30261D290B0DBE00279201 /* AlertPresentable.swift */; };
		AB302626290B139300279201 /* SearchScreenViewController.swift in Sources */ = {isa = PBXBuildFile; fileRef = AB302624290B139300279201 /* SearchScreenViewController.swift */; };
		AB302627290B139300279201 /* SearchScreenViewController.xib in Resources */ = {isa = PBXBuildFile; fileRef = AB302625290B139300279201 /* SearchScreenViewController.xib */; };
		AB302629290B153300279201 /* SearchScreenViewModel.swift in Sources */ = {isa = PBXBuildFile; fileRef = AB302628290B153300279201 /* SearchScreenViewModel.swift */; };
		AB302631290BD4E600279201 /* FakeStoreApi.swift in Sources */ = {isa = PBXBuildFile; fileRef = AB302630290BD4E600279201 /* FakeStoreApi.swift */; };
		AB302633290BD51000279201 /* Products.swift in Sources */ = {isa = PBXBuildFile; fileRef = AB302632290BD51000279201 /* Products.swift */; };
		AB302636290BDE0A00279201 /* Moya in Frameworks */ = {isa = PBXBuildFile; productRef = AB302635290BDE0A00279201 /* Moya */; };
		ABE488A2290707FD0065BCCA /* AppDelegate.swift in Sources */ = {isa = PBXBuildFile; fileRef = ABE488A1290707FD0065BCCA /* AppDelegate.swift */; };
		ABE488AC290707FD0065BCCA /* BazaarWay.xcdatamodeld in Sources */ = {isa = PBXBuildFile; fileRef = ABE488AA290707FD0065BCCA /* BazaarWay.xcdatamodeld */; };
		ABE488AE290707FF0065BCCA /* Assets.xcassets in Resources */ = {isa = PBXBuildFile; fileRef = ABE488AD290707FF0065BCCA /* Assets.xcassets */; };
		ABE488B1290707FF0065BCCA /* LaunchScreen.storyboard in Resources */ = {isa = PBXBuildFile; fileRef = ABE488AF290707FF0065BCCA /* LaunchScreen.storyboard */; };
		ABE488C829070EF60065BCCA /* AuthViewController.swift in Sources */ = {isa = PBXBuildFile; fileRef = ABE488C629070EF60065BCCA /* AuthViewController.swift */; };
		ABE488CB29070F3F0065BCCA /* AuthViewModel.swift in Sources */ = {isa = PBXBuildFile; fileRef = ABE488CA29070F3F0065BCCA /* AuthViewModel.swift */; };
		ABE488CD29070F470065BCCA /* User.swift in Sources */ = {isa = PBXBuildFile; fileRef = ABE488CC29070F470065BCCA /* User.swift */; };
/* End PBXBuildFile section */

/* Begin PBXFileReference section */
		AB118ED72909BD2A005DEA4E /* MainScreenViewController.swift */ = {isa = PBXFileReference; lastKnownFileType = sourcecode.swift; path = MainScreenViewController.swift; sourceTree = "<group>"; };
		AB118ED82909BD2A005DEA4E /* MainScreenViewController.xib */ = {isa = PBXFileReference; lastKnownFileType = file.xib; path = MainScreenViewController.xib; sourceTree = "<group>"; };
		AB118EDB2909BDA2005DEA4E /* MainScreenViewModel.swift */ = {isa = PBXFileReference; lastKnownFileType = sourcecode.swift; path = MainScreenViewModel.swift; sourceTree = "<group>"; };
		AB118EE3290B03DD005DEA4E /* ProfileScreenViewController.swift */ = {isa = PBXFileReference; lastKnownFileType = sourcecode.swift; path = ProfileScreenViewController.swift; sourceTree = "<group>"; };
		AB13045F29070FA900A8BBA8 /* AuthViewController.xib */ = {isa = PBXFileReference; fileEncoding = 4; lastKnownFileType = file.xib; path = AuthViewController.xib; sourceTree = "<group>"; };
		AB130461290719C000A8BBA8 /* GoogleService-Info.plist */ = {isa = PBXFileReference; fileEncoding = 4; lastKnownFileType = text.plist.xml; path = "GoogleService-Info.plist"; sourceTree = "<group>"; };
		AB1304692907285C00A8BBA8 /* UserDefaultConstants.swift */ = {isa = PBXFileReference; lastKnownFileType = sourcecode.swift; path = UserDefaultConstants.swift; sourceTree = "<group>"; };
		AB13046C2907289400A8BBA8 /* UserDefaultsAccesible.swift */ = {isa = PBXFileReference; lastKnownFileType = sourcecode.swift; path = UserDefaultsAccesible.swift; sourceTree = "<group>"; };
		AB13046E29072B7E00A8BBA8 /* Encodable+Extensions.swift */ = {isa = PBXFileReference; lastKnownFileType = sourcecode.swift; path = "Encodable+Extensions.swift"; sourceTree = "<group>"; };
		AB13047129098C7800A8BBA8 /* LaunchSplashViewController.swift */ = {isa = PBXFileReference; lastKnownFileType = sourcecode.swift; path = LaunchSplashViewController.swift; sourceTree = "<group>"; };
		AB13047229098C7800A8BBA8 /* LaunchSplashViewController.xib */ = {isa = PBXFileReference; lastKnownFileType = file.xib; path = LaunchSplashViewController.xib; sourceTree = "<group>"; };
		AB302618290B049F00279201 /* ProfileScreenViewController.xib */ = {isa = PBXFileReference; fileEncoding = 4; lastKnownFileType = file.xib; path = ProfileScreenViewController.xib; sourceTree = "<group>"; };
		AB30261A290B051300279201 /* ProfileScreenViewModel.swift */ = {isa = PBXFileReference; lastKnownFileType = sourcecode.swift; path = ProfileScreenViewModel.swift; sourceTree = "<group>"; };
		AB30261D290B0DBE00279201 /* AlertPresentable.swift */ = {isa = PBXFileReference; lastKnownFileType = sourcecode.swift; path = AlertPresentable.swift; sourceTree = "<group>"; };
		AB302624290B139300279201 /* SearchScreenViewController.swift */ = {isa = PBXFileReference; lastKnownFileType = sourcecode.swift; path = SearchScreenViewController.swift; sourceTree = "<group>"; };
		AB302625290B139300279201 /* SearchScreenViewController.xib */ = {isa = PBXFileReference; lastKnownFileType = file.xib; path = SearchScreenViewController.xib; sourceTree = "<group>"; };
		AB302628290B153300279201 /* SearchScreenViewModel.swift */ = {isa = PBXFileReference; lastKnownFileType = sourcecode.swift; path = SearchScreenViewModel.swift; sourceTree = "<group>"; };
		AB302630290BD4E600279201 /* FakeStoreApi.swift */ = {isa = PBXFileReference; lastKnownFileType = sourcecode.swift; path = FakeStoreApi.swift; sourceTree = "<group>"; };
		AB302632290BD51000279201 /* Products.swift */ = {isa = PBXFileReference; lastKnownFileType = sourcecode.swift; path = Products.swift; sourceTree = "<group>"; };
		ABE4889E290707FD0065BCCA /* BazaarWay.app */ = {isa = PBXFileReference; explicitFileType = wrapper.application; includeInIndex = 0; path = BazaarWay.app; sourceTree = BUILT_PRODUCTS_DIR; };
		ABE488A1290707FD0065BCCA /* AppDelegate.swift */ = {isa = PBXFileReference; lastKnownFileType = sourcecode.swift; path = AppDelegate.swift; sourceTree = "<group>"; };
		ABE488AB290707FD0065BCCA /* BazaarWay.xcdatamodel */ = {isa = PBXFileReference; lastKnownFileType = wrapper.xcdatamodel; path = BazaarWay.xcdatamodel; sourceTree = "<group>"; };
		ABE488AD290707FF0065BCCA /* Assets.xcassets */ = {isa = PBXFileReference; lastKnownFileType = folder.assetcatalog; path = Assets.xcassets; sourceTree = "<group>"; };
		ABE488B0290707FF0065BCCA /* Base */ = {isa = PBXFileReference; lastKnownFileType = file.storyboard; name = Base; path = Base.lproj/LaunchScreen.storyboard; sourceTree = "<group>"; };
		ABE488B2290707FF0065BCCA /* Info.plist */ = {isa = PBXFileReference; lastKnownFileType = text.plist.xml; path = Info.plist; sourceTree = "<group>"; };
		ABE488C629070EF60065BCCA /* AuthViewController.swift */ = {isa = PBXFileReference; lastKnownFileType = sourcecode.swift; path = AuthViewController.swift; sourceTree = "<group>"; };
		ABE488CA29070F3F0065BCCA /* AuthViewModel.swift */ = {isa = PBXFileReference; lastKnownFileType = sourcecode.swift; path = AuthViewModel.swift; sourceTree = "<group>"; };
		ABE488CC29070F470065BCCA /* User.swift */ = {isa = PBXFileReference; lastKnownFileType = sourcecode.swift; path = User.swift; sourceTree = "<group>"; };
/* End PBXFileReference section */

/* Begin PBXFrameworksBuildPhase section */
		ABE4889B290707FD0065BCCA /* Frameworks */ = {
			isa = PBXFrameworksBuildPhase;
			buildActionMask = 2147483647;
			files = (
				AB13046529071AD600A8BBA8 /* FirebaseAuth in Frameworks */,
				AB13046729071AD600A8BBA8 /* FirebaseFirestore in Frameworks */,
				AB302636290BDE0A00279201 /* Moya in Frameworks */,
			);
			runOnlyForDeploymentPostprocessing = 0;
		};
/* End PBXFrameworksBuildPhase section */

/* Begin PBXGroup section */
		AB118ED22909BCDE005DEA4E /* MainScreen */ = {
			isa = PBXGroup;
			children = (
				AB118ED42909BCEC005DEA4E /* Model */,
				AB118ED62909BCFC005DEA4E /* View */,
				AB118ED32909BCE7005DEA4E /* ViewModel */,
				AB118ED52909BCF3005DEA4E /* Controller */,
			);
			path = MainScreen;
			sourceTree = "<group>";
		};
		AB118ED32909BCE7005DEA4E /* ViewModel */ = {
			isa = PBXGroup;
			children = (
				AB118EDB2909BDA2005DEA4E /* MainScreenViewModel.swift */,
			);
			path = ViewModel;
			sourceTree = "<group>";
		};
		AB118ED42909BCEC005DEA4E /* Model */ = {
			isa = PBXGroup;
			children = (
			);
			path = Model;
			sourceTree = "<group>";
		};
		AB118ED52909BCF3005DEA4E /* Controller */ = {
			isa = PBXGroup;
			children = (
				AB118ED72909BD2A005DEA4E /* MainScreenViewController.swift */,
			);
			path = Controller;
			sourceTree = "<group>";
		};
		AB118ED62909BCFC005DEA4E /* View */ = {
			isa = PBXGroup;
			children = (
				AB118ED82909BD2A005DEA4E /* MainScreenViewController.xib */,
			);
			path = View;
			sourceTree = "<group>";
		};
		AB118EDD290AFCB5005DEA4E /* ProfileScreen */ = {
			isa = PBXGroup;
			children = (
				AB118EDE290AFCBE005DEA4E /* Model */,
				AB118EE0290AFCE8005DEA4E /* View */,
				AB118EE1290AFCEF005DEA4E /* ViewModel */,
				AB118EE2290AFCF6005DEA4E /* Controller */,
			);
			path = ProfileScreen;
			sourceTree = "<group>";
		};
		AB118EDE290AFCBE005DEA4E /* Model */ = {
			isa = PBXGroup;
			children = (
			);
			path = Model;
			sourceTree = "<group>";
		};
		AB118EE0290AFCE8005DEA4E /* View */ = {
			isa = PBXGroup;
			children = (
				AB302618290B049F00279201 /* ProfileScreenViewController.xib */,
			);
			path = View;
			sourceTree = "<group>";
		};
		AB118EE1290AFCEF005DEA4E /* ViewModel */ = {
			isa = PBXGroup;
			children = (
				AB30261A290B051300279201 /* ProfileScreenViewModel.swift */,
			);
			path = ViewModel;
			sourceTree = "<group>";
		};
		AB118EE2290AFCF6005DEA4E /* Controller */ = {
			isa = PBXGroup;
			children = (
				AB118EE3290B03DD005DEA4E /* ProfileScreenViewController.swift */,
			);
			path = Controller;
			sourceTree = "<group>";
		};
		AB1304682907283700A8BBA8 /* Constants */ = {
			isa = PBXGroup;
			children = (
				AB1304692907285C00A8BBA8 /* UserDefaultConstants.swift */,
			);
			path = Constants;
			sourceTree = "<group>";
		};
		AB13046B2907286800A8BBA8 /* Extensions */ = {
			isa = PBXGroup;
			children = (
				AB13046C2907289400A8BBA8 /* UserDefaultsAccesible.swift */,
				AB13046E29072B7E00A8BBA8 /* Encodable+Extensions.swift */,
			);
			path = Extensions;
			sourceTree = "<group>";
		};
		AB13047029098BE800A8BBA8 /* LaunchSplashScreen */ = {
			isa = PBXGroup;
			children = (
				AB13047129098C7800A8BBA8 /* LaunchSplashViewController.swift */,
				AB13047229098C7800A8BBA8 /* LaunchSplashViewController.xib */,
			);
			path = LaunchSplashScreen;
			sourceTree = "<group>";
		};
		AB30261C290B0DAA00279201 /* Helpers */ = {
			isa = PBXGroup;
			children = (
				AB30261D290B0DBE00279201 /* AlertPresentable.swift */,
			);
			path = Helpers;
			sourceTree = "<group>";
		};
		AB30261F290B135E00279201 /* SearchScreen */ = {
			isa = PBXGroup;
			children = (
				AB302623290B137900279201 /* Model */,
				AB302622290B137200279201 /* View */,
				AB302621290B136D00279201 /* ViewModel */,
				AB302620290B136900279201 /* Controller */,
			);
			path = SearchScreen;
			sourceTree = "<group>";
		};
		AB302620290B136900279201 /* Controller */ = {
			isa = PBXGroup;
			children = (
				AB302624290B139300279201 /* SearchScreenViewController.swift */,
			);
			path = Controller;
			sourceTree = "<group>";
		};
		AB302621290B136D00279201 /* ViewModel */ = {
			isa = PBXGroup;
			children = (
				AB302628290B153300279201 /* SearchScreenViewModel.swift */,
			);
			path = ViewModel;
			sourceTree = "<group>";
		};
		AB302622290B137200279201 /* View */ = {
			isa = PBXGroup;
			children = (
				AB302625290B139300279201 /* SearchScreenViewController.xib */,
			);
			path = View;
			sourceTree = "<group>";
		};
		AB302623290B137900279201 /* Model */ = {
			isa = PBXGroup;
			children = (
			);
			path = Model;
			sourceTree = "<group>";
		};
		AB30262A290BC77200279201 /* Network */ = {
			isa = PBXGroup;
			children = (
				AB30262B290BC77700279201 /* Api */,
				AB30262C290BC77C00279201 /* Model */,
			);
			path = Network;
			sourceTree = "<group>";
		};
		AB30262B290BC77700279201 /* Api */ = {
			isa = PBXGroup;
			children = (
				AB302630290BD4E600279201 /* FakeStoreApi.swift */,
			);
			path = Api;
			sourceTree = "<group>";
		};
		AB30262C290BC77C00279201 /* Model */ = {
			isa = PBXGroup;
			children = (
				AB302632290BD51000279201 /* Products.swift */,
			);
			path = Model;
			sourceTree = "<group>";
		};
		AB302634290BDE0A00279201 /* Frameworks */ = {
			isa = PBXGroup;
			children = (
			);
			name = Frameworks;
			sourceTree = "<group>";
		};
		ABE48895290707FD0065BCCA = {
			isa = PBXGroup;
			children = (
				ABE488A0290707FD0065BCCA /* BazaarWay */,
				ABE4889F290707FD0065BCCA /* Products */,
				AB302634290BDE0A00279201 /* Frameworks */,
			);
			sourceTree = "<group>";
		};
		ABE4889F290707FD0065BCCA /* Products */ = {
			isa = PBXGroup;
			children = (
				ABE4889E290707FD0065BCCA /* BazaarWay.app */,
			);
			name = Products;
			sourceTree = "<group>";
		};
		ABE488A0290707FD0065BCCA /* BazaarWay */ = {
			isa = PBXGroup;
			children = (
				ABE488B8290709230065BCCA /* App */,
				ABE488BF29070A280065BCCA /* Screens */,
			);
			path = BazaarWay;
			sourceTree = "<group>";
		};
		ABE488B8290709230065BCCA /* App */ = {
			isa = PBXGroup;
			children = (
				ABE488B92907092C0065BCCA /* Plists */,
				ABE488BB290709380065BCCA /* Assets */,
				ABE488BC290709410065BCCA /* View */,
				ABE488BD2907094A0065BCCA /* Delegate */,
				ABE488BE290709500065BCCA /* Core */,
				ABE488AA290707FD0065BCCA /* BazaarWay.xcdatamodeld */,
			);
			path = App;
			sourceTree = "<group>";
		};
		ABE488B92907092C0065BCCA /* Plists */ = {
			isa = PBXGroup;
			children = (
				ABE488B2290707FF0065BCCA /* Info.plist */,
				AB130461290719C000A8BBA8 /* GoogleService-Info.plist */,
			);
			path = Plists;
			sourceTree = "<group>";
		};
		ABE488BB290709380065BCCA /* Assets */ = {
			isa = PBXGroup;
			children = (
				ABE488AD290707FF0065BCCA /* Assets.xcassets */,
			);
			path = Assets;
			sourceTree = "<group>";
		};
		ABE488BC290709410065BCCA /* View */ = {
			isa = PBXGroup;
			children = (
				ABE488AF290707FF0065BCCA /* LaunchScreen.storyboard */,
			);
			path = View;
			sourceTree = "<group>";
		};
		ABE488BD2907094A0065BCCA /* Delegate */ = {
			isa = PBXGroup;
			children = (
				ABE488A1290707FD0065BCCA /* AppDelegate.swift */,
			);
			path = Delegate;
			sourceTree = "<group>";
		};
		ABE488BE290709500065BCCA /* Core */ = {
			isa = PBXGroup;
			children = (
				AB30262A290BC77200279201 /* Network */,
				AB30261C290B0DAA00279201 /* Helpers */,
				AB1304682907283700A8BBA8 /* Constants */,
				AB13046B2907286800A8BBA8 /* Extensions */,
			);
			path = Core;
			sourceTree = "<group>";
		};
		ABE488BF29070A280065BCCA /* Screens */ = {
			isa = PBXGroup;
			children = (
				AB30261F290B135E00279201 /* SearchScreen */,
				AB118EDD290AFCB5005DEA4E /* ProfileScreen */,
				AB118ED22909BCDE005DEA4E /* MainScreen */,
				AB13047029098BE800A8BBA8 /* LaunchSplashScreen */,
				ABE488C129070BEB0065BCCA /* Auth */,
			);
			path = Screens;
			sourceTree = "<group>";
		};
		ABE488C129070BEB0065BCCA /* Auth */ = {
			isa = PBXGroup;
			children = (
				ABE488C229070BF00065BCCA /* ViewModel */,
				ABE488C529070C0E0065BCCA /* Model */,
				ABE488C429070C090065BCCA /* View */,
				ABE488C329070BFD0065BCCA /* Controller */,
			);
			path = Auth;
			sourceTree = "<group>";
		};
		ABE488C229070BF00065BCCA /* ViewModel */ = {
			isa = PBXGroup;
			children = (
				ABE488CA29070F3F0065BCCA /* AuthViewModel.swift */,
			);
			path = ViewModel;
			sourceTree = "<group>";
		};
		ABE488C329070BFD0065BCCA /* Controller */ = {
			isa = PBXGroup;
			children = (
				ABE488C629070EF60065BCCA /* AuthViewController.swift */,
			);
			path = Controller;
			sourceTree = "<group>";
		};
		ABE488C429070C090065BCCA /* View */ = {
			isa = PBXGroup;
			children = (
				AB13045F29070FA900A8BBA8 /* AuthViewController.xib */,
			);
			path = View;
			sourceTree = "<group>";
		};
		ABE488C529070C0E0065BCCA /* Model */ = {
			isa = PBXGroup;
			children = (
				ABE488CC29070F470065BCCA /* User.swift */,
			);
			path = Model;
			sourceTree = "<group>";
		};
/* End PBXGroup section */

/* Begin PBXNativeTarget section */
		ABE4889D290707FD0065BCCA /* BazaarWay */ = {
			isa = PBXNativeTarget;
			buildConfigurationList = ABE488B5290707FF0065BCCA /* Build configuration list for PBXNativeTarget "BazaarWay" */;
			buildPhases = (
				ABE4889A290707FD0065BCCA /* Sources */,
				ABE4889B290707FD0065BCCA /* Frameworks */,
				ABE4889C290707FD0065BCCA /* Resources */,
			);
			buildRules = (
			);
			dependencies = (
			);
			name = BazaarWay;
			packageProductDependencies = (
				AB13046429071AD600A8BBA8 /* FirebaseAuth */,
				AB13046629071AD600A8BBA8 /* FirebaseFirestore */,
				AB302635290BDE0A00279201 /* Moya */,
			);
			productName = BazaarWay;
			productReference = ABE4889E290707FD0065BCCA /* BazaarWay.app */;
			productType = "com.apple.product-type.application";
		};
/* End PBXNativeTarget section */

/* Begin PBXProject section */
		ABE48896290707FD0065BCCA /* Project object */ = {
			isa = PBXProject;
			attributes = {
				BuildIndependentTargetsInParallel = 1;
				LastSwiftUpdateCheck = 1400;
				LastUpgradeCheck = 1400;
				TargetAttributes = {
					ABE4889D290707FD0065BCCA = {
						CreatedOnToolsVersion = 14.0.1;
					};
				};
			};
			buildConfigurationList = ABE48899290707FD0065BCCA /* Build configuration list for PBXProject "BazaarWay" */;
			compatibilityVersion = "Xcode 14.0";
			developmentRegion = en;
			hasScannedForEncodings = 0;
			knownRegions = (
				en,
				Base,
			);
			mainGroup = ABE48895290707FD0065BCCA;
			packageReferences = (
				AB13046329071AD600A8BBA8 /* XCRemoteSwiftPackageReference "firebase-ios-sdk" */,
				AB30262D290BC97100279201 /* XCRemoteSwiftPackageReference "Moya" */,
			);
			productRefGroup = ABE4889F290707FD0065BCCA /* Products */;
			projectDirPath = "";
			projectRoot = "";
			targets = (
				ABE4889D290707FD0065BCCA /* BazaarWay */,
			);
		};
/* End PBXProject section */

/* Begin PBXResourcesBuildPhase section */
		ABE4889C290707FD0065BCCA /* Resources */ = {
			isa = PBXResourcesBuildPhase;
			buildActionMask = 2147483647;
			files = (
				AB302619290B049F00279201 /* ProfileScreenViewController.xib in Resources */,
				AB13046029070FA900A8BBA8 /* AuthViewController.xib in Resources */,
				AB130462290719C000A8BBA8 /* GoogleService-Info.plist in Resources */,
				ABE488B1290707FF0065BCCA /* LaunchScreen.storyboard in Resources */,
				AB302627290B139300279201 /* SearchScreenViewController.xib in Resources */,
				AB13047429098C7800A8BBA8 /* LaunchSplashViewController.xib in Resources */,
				ABE488AE290707FF0065BCCA /* Assets.xcassets in Resources */,
				AB118EDA2909BD2A005DEA4E /* MainScreenViewController.xib in Resources */,
			);
			runOnlyForDeploymentPostprocessing = 0;
		};
/* End PBXResourcesBuildPhase section */

/* Begin PBXSourcesBuildPhase section */
		ABE4889A290707FD0065BCCA /* Sources */ = {
			isa = PBXSourcesBuildPhase;
			buildActionMask = 2147483647;
			files = (
				AB30261E290B0DBE00279201 /* AlertPresentable.swift in Sources */,
				AB13047329098C7800A8BBA8 /* LaunchSplashViewController.swift in Sources */,
				AB118EDC2909BDA2005DEA4E /* MainScreenViewModel.swift in Sources */,
				AB13046D2907289400A8BBA8 /* UserDefaultsAccesible.swift in Sources */,
				AB302631290BD4E600279201 /* FakeStoreApi.swift in Sources */,
				AB30261B290B051300279201 /* ProfileScreenViewModel.swift in Sources */,
				ABE488CB29070F3F0065BCCA /* AuthViewModel.swift in Sources */,
				ABE488C829070EF60065BCCA /* AuthViewController.swift in Sources */,
				AB302626290B139300279201 /* SearchScreenViewController.swift in Sources */,
				AB302633290BD51000279201 /* Products.swift in Sources */,
				AB302629290B153300279201 /* SearchScreenViewModel.swift in Sources */,
				ABE488CD29070F470065BCCA /* User.swift in Sources */,
				AB118ED92909BD2A005DEA4E /* MainScreenViewController.swift in Sources */,
				AB13046F29072B7E00A8BBA8 /* Encodable+Extensions.swift in Sources */,
				AB118EE5290B03DD005DEA4E /* ProfileScreenViewController.swift in Sources */,
				AB13046A2907285C00A8BBA8 /* UserDefaultConstants.swift in Sources */,
				ABE488AC290707FD0065BCCA /* BazaarWay.xcdatamodeld in Sources */,
				ABE488A2290707FD0065BCCA /* AppDelegate.swift in Sources */,
			);
			runOnlyForDeploymentPostprocessing = 0;
		};
/* End PBXSourcesBuildPhase section */

/* Begin PBXVariantGroup section */
		ABE488AF290707FF0065BCCA /* LaunchScreen.storyboard */ = {
			isa = PBXVariantGroup;
			children = (
				ABE488B0290707FF0065BCCA /* Base */,
			);
			name = LaunchScreen.storyboard;
			sourceTree = "<group>";
		};
/* End PBXVariantGroup section */

/* Begin XCBuildConfiguration section */
		ABE488B3290707FF0065BCCA /* Debug */ = {
			isa = XCBuildConfiguration;
			buildSettings = {
				ALWAYS_SEARCH_USER_PATHS = NO;
				CLANG_ANALYZER_NONNULL = YES;
				CLANG_ANALYZER_NUMBER_OBJECT_CONVERSION = YES_AGGRESSIVE;
				CLANG_CXX_LANGUAGE_STANDARD = "gnu++20";
				CLANG_ENABLE_MODULES = YES;
				CLANG_ENABLE_OBJC_ARC = YES;
				CLANG_ENABLE_OBJC_WEAK = YES;
				CLANG_WARN_BLOCK_CAPTURE_AUTORELEASING = YES;
				CLANG_WARN_BOOL_CONVERSION = YES;
				CLANG_WARN_COMMA = YES;
				CLANG_WARN_CONSTANT_CONVERSION = YES;
				CLANG_WARN_DEPRECATED_OBJC_IMPLEMENTATIONS = YES;
				CLANG_WARN_DIRECT_OBJC_ISA_USAGE = YES_ERROR;
				CLANG_WARN_DOCUMENTATION_COMMENTS = YES;
				CLANG_WARN_EMPTY_BODY = YES;
				CLANG_WARN_ENUM_CONVERSION = YES;
				CLANG_WARN_INFINITE_RECURSION = YES;
				CLANG_WARN_INT_CONVERSION = YES;
				CLANG_WARN_NON_LITERAL_NULL_CONVERSION = YES;
				CLANG_WARN_OBJC_IMPLICIT_RETAIN_SELF = YES;
				CLANG_WARN_OBJC_LITERAL_CONVERSION = YES;
				CLANG_WARN_OBJC_ROOT_CLASS = YES_ERROR;
				CLANG_WARN_QUOTED_INCLUDE_IN_FRAMEWORK_HEADER = YES;
				CLANG_WARN_RANGE_LOOP_ANALYSIS = YES;
				CLANG_WARN_STRICT_PROTOTYPES = YES;
				CLANG_WARN_SUSPICIOUS_MOVE = YES;
				CLANG_WARN_UNGUARDED_AVAILABILITY = YES_AGGRESSIVE;
				CLANG_WARN_UNREACHABLE_CODE = YES;
				CLANG_WARN__DUPLICATE_METHOD_MATCH = YES;
				COPY_PHASE_STRIP = NO;
				DEBUG_INFORMATION_FORMAT = dwarf;
				ENABLE_STRICT_OBJC_MSGSEND = YES;
				ENABLE_TESTABILITY = YES;
				GCC_C_LANGUAGE_STANDARD = gnu11;
				GCC_DYNAMIC_NO_PIC = NO;
				GCC_NO_COMMON_BLOCKS = YES;
				GCC_OPTIMIZATION_LEVEL = 0;
				GCC_PREPROCESSOR_DEFINITIONS = (
					"DEBUG=1",
					"$(inherited)",
				);
				GCC_WARN_64_TO_32_BIT_CONVERSION = YES;
				GCC_WARN_ABOUT_RETURN_TYPE = YES_ERROR;
				GCC_WARN_UNDECLARED_SELECTOR = YES;
				GCC_WARN_UNINITIALIZED_AUTOS = YES_AGGRESSIVE;
				GCC_WARN_UNUSED_FUNCTION = YES;
				GCC_WARN_UNUSED_VARIABLE = YES;
				IPHONEOS_DEPLOYMENT_TARGET = 16.0;
				MTL_ENABLE_DEBUG_INFO = INCLUDE_SOURCE;
				MTL_FAST_MATH = YES;
				ONLY_ACTIVE_ARCH = YES;
				SDKROOT = iphoneos;
				SWIFT_ACTIVE_COMPILATION_CONDITIONS = DEBUG;
				SWIFT_OPTIMIZATION_LEVEL = "-Onone";
			};
			name = Debug;
		};
		ABE488B4290707FF0065BCCA /* Release */ = {
			isa = XCBuildConfiguration;
			buildSettings = {
				ALWAYS_SEARCH_USER_PATHS = NO;
				CLANG_ANALYZER_NONNULL = YES;
				CLANG_ANALYZER_NUMBER_OBJECT_CONVERSION = YES_AGGRESSIVE;
				CLANG_CXX_LANGUAGE_STANDARD = "gnu++20";
				CLANG_ENABLE_MODULES = YES;
				CLANG_ENABLE_OBJC_ARC = YES;
				CLANG_ENABLE_OBJC_WEAK = YES;
				CLANG_WARN_BLOCK_CAPTURE_AUTORELEASING = YES;
				CLANG_WARN_BOOL_CONVERSION = YES;
				CLANG_WARN_COMMA = YES;
				CLANG_WARN_CONSTANT_CONVERSION = YES;
				CLANG_WARN_DEPRECATED_OBJC_IMPLEMENTATIONS = YES;
				CLANG_WARN_DIRECT_OBJC_ISA_USAGE = YES_ERROR;
				CLANG_WARN_DOCUMENTATION_COMMENTS = YES;
				CLANG_WARN_EMPTY_BODY = YES;
				CLANG_WARN_ENUM_CONVERSION = YES;
				CLANG_WARN_INFINITE_RECURSION = YES;
				CLANG_WARN_INT_CONVERSION = YES;
				CLANG_WARN_NON_LITERAL_NULL_CONVERSION = YES;
				CLANG_WARN_OBJC_IMPLICIT_RETAIN_SELF = YES;
				CLANG_WARN_OBJC_LITERAL_CONVERSION = YES;
				CLANG_WARN_OBJC_ROOT_CLASS = YES_ERROR;
				CLANG_WARN_QUOTED_INCLUDE_IN_FRAMEWORK_HEADER = YES;
				CLANG_WARN_RANGE_LOOP_ANALYSIS = YES;
				CLANG_WARN_STRICT_PROTOTYPES = YES;
				CLANG_WARN_SUSPICIOUS_MOVE = YES;
				CLANG_WARN_UNGUARDED_AVAILABILITY = YES_AGGRESSIVE;
				CLANG_WARN_UNREACHABLE_CODE = YES;
				CLANG_WARN__DUPLICATE_METHOD_MATCH = YES;
				COPY_PHASE_STRIP = NO;
				DEBUG_INFORMATION_FORMAT = "dwarf-with-dsym";
				ENABLE_NS_ASSERTIONS = NO;
				ENABLE_STRICT_OBJC_MSGSEND = YES;
				GCC_C_LANGUAGE_STANDARD = gnu11;
				GCC_NO_COMMON_BLOCKS = YES;
				GCC_WARN_64_TO_32_BIT_CONVERSION = YES;
				GCC_WARN_ABOUT_RETURN_TYPE = YES_ERROR;
				GCC_WARN_UNDECLARED_SELECTOR = YES;
				GCC_WARN_UNINITIALIZED_AUTOS = YES_AGGRESSIVE;
				GCC_WARN_UNUSED_FUNCTION = YES;
				GCC_WARN_UNUSED_VARIABLE = YES;
				IPHONEOS_DEPLOYMENT_TARGET = 16.0;
				MTL_ENABLE_DEBUG_INFO = NO;
				MTL_FAST_MATH = YES;
				SDKROOT = iphoneos;
				SWIFT_COMPILATION_MODE = wholemodule;
				SWIFT_OPTIMIZATION_LEVEL = "-O";
				VALIDATE_PRODUCT = YES;
			};
			name = Release;
		};
		ABE488B6290707FF0065BCCA /* Debug */ = {
			isa = XCBuildConfiguration;
			buildSettings = {
				ASSETCATALOG_COMPILER_APPICON_NAME = AppIcon;
				ASSETCATALOG_COMPILER_GLOBAL_ACCENT_COLOR_NAME = AccentColor;
				CODE_SIGN_STYLE = Automatic;
				CURRENT_PROJECT_VERSION = 1;
				DEVELOPMENT_TEAM = 5DKBCS58WX;
				GENERATE_INFOPLIST_FILE = YES;
				INFOPLIST_FILE = BazaarWay/App/Plists/Info.plist;
				INFOPLIST_KEY_UIApplicationSupportsIndirectInputEvents = YES;
				INFOPLIST_KEY_UILaunchStoryboardName = LaunchScreen;
				INFOPLIST_KEY_UISupportedInterfaceOrientations = UIInterfaceOrientationPortrait;
				IPHONEOS_DEPLOYMENT_TARGET = 16.0;
				LD_RUNPATH_SEARCH_PATHS = (
					"$(inherited)",
					"@executable_path/Frameworks",
				);
				MARKETING_VERSION = 1.0;
				PRODUCT_BUNDLE_IDENTIFIER = com.asimcanyagiz.BazaarWay;
				PRODUCT_NAME = "$(TARGET_NAME)";
				SWIFT_EMIT_LOC_STRINGS = YES;
				SWIFT_VERSION = 5.0;
				TARGETED_DEVICE_FAMILY = "1,2";
			};
			name = Debug;
		};
		ABE488B7290707FF0065BCCA /* Release */ = {
			isa = XCBuildConfiguration;
			buildSettings = {
				ASSETCATALOG_COMPILER_APPICON_NAME = AppIcon;
				ASSETCATALOG_COMPILER_GLOBAL_ACCENT_COLOR_NAME = AccentColor;
				CODE_SIGN_STYLE = Automatic;
				CURRENT_PROJECT_VERSION = 1;
				DEVELOPMENT_TEAM = 5DKBCS58WX;
				GENERATE_INFOPLIST_FILE = YES;
				INFOPLIST_FILE = BazaarWay/App/Plists/Info.plist;
				INFOPLIST_KEY_UIApplicationSupportsIndirectInputEvents = YES;
				INFOPLIST_KEY_UILaunchStoryboardName = LaunchScreen;
				INFOPLIST_KEY_UISupportedInterfaceOrientations = UIInterfaceOrientationPortrait;
				IPHONEOS_DEPLOYMENT_TARGET = 16.0;
				LD_RUNPATH_SEARCH_PATHS = (
					"$(inherited)",
					"@executable_path/Frameworks",
				);
				MARKETING_VERSION = 1.0;
				PRODUCT_BUNDLE_IDENTIFIER = com.asimcanyagiz.BazaarWay;
				PRODUCT_NAME = "$(TARGET_NAME)";
				SWIFT_EMIT_LOC_STRINGS = YES;
				SWIFT_VERSION = 5.0;
				TARGETED_DEVICE_FAMILY = "1,2";
			};
			name = Release;
		};
/* End XCBuildConfiguration section */

/* Begin XCConfigurationList section */
		ABE48899290707FD0065BCCA /* Build configuration list for PBXProject "BazaarWay" */ = {
			isa = XCConfigurationList;
			buildConfigurations = (
				ABE488B3290707FF0065BCCA /* Debug */,
				ABE488B4290707FF0065BCCA /* Release */,
			);
			defaultConfigurationIsVisible = 0;
			defaultConfigurationName = Release;
		};
		ABE488B5290707FF0065BCCA /* Build configuration list for PBXNativeTarget "BazaarWay" */ = {
			isa = XCConfigurationList;
			buildConfigurations = (
				ABE488B6290707FF0065BCCA /* Debug */,
				ABE488B7290707FF0065BCCA /* Release */,
			);
			defaultConfigurationIsVisible = 0;
			defaultConfigurationName = Release;
		};
/* End XCConfigurationList section */

/* Begin XCRemoteSwiftPackageReference section */
		AB13046329071AD600A8BBA8 /* XCRemoteSwiftPackageReference "firebase-ios-sdk" */ = {
			isa = XCRemoteSwiftPackageReference;
			repositoryURL = "https://github.com/firebase/firebase-ios-sdk.git";
			requirement = {
				kind = upToNextMajorVersion;
				minimumVersion = 9.0.0;
			};
		};
		AB30262D290BC97100279201 /* XCRemoteSwiftPackageReference "Moya" */ = {
			isa = XCRemoteSwiftPackageReference;
			repositoryURL = "https://github.com/Moya/Moya.git";
			requirement = {
				kind = upToNextMajorVersion;
				minimumVersion = 15.0.0;
			};
		};
/* End XCRemoteSwiftPackageReference section */

/* Begin XCSwiftPackageProductDependency section */
		AB13046429071AD600A8BBA8 /* FirebaseAuth */ = {
			isa = XCSwiftPackageProductDependency;
			package = AB13046329071AD600A8BBA8 /* XCRemoteSwiftPackageReference "firebase-ios-sdk" */;
			productName = FirebaseAuth;
		};
		AB13046629071AD600A8BBA8 /* FirebaseFirestore */ = {
			isa = XCSwiftPackageProductDependency;
			package = AB13046329071AD600A8BBA8 /* XCRemoteSwiftPackageReference "firebase-ios-sdk" */;
			productName = FirebaseFirestore;
		};
		AB302635290BDE0A00279201 /* Moya */ = {
			isa = XCSwiftPackageProductDependency;
			package = AB30262D290BC97100279201 /* XCRemoteSwiftPackageReference "Moya" */;
			productName = Moya;
		};
/* End XCSwiftPackageProductDependency section */

/* Begin XCVersionGroup section */
		ABE488AA290707FD0065BCCA /* BazaarWay.xcdatamodeld */ = {
			isa = XCVersionGroup;
			children = (
				ABE488AB290707FD0065BCCA /* BazaarWay.xcdatamodel */,
			);
			currentVersion = ABE488AB290707FD0065BCCA /* BazaarWay.xcdatamodel */;
			path = BazaarWay.xcdatamodeld;
			sourceTree = "<group>";
			versionGroupType = wrapper.xcdatamodel;
		};
/* End XCVersionGroup section */
	};
	rootObject = ABE48896290707FD0065BCCA /* Project object */;
}
